// !$*UTF8*$!
{
	archiveVersion = 1;
	classes = {
	};
	objectVersion = 48;
	objects = {

/* Begin PBXBuildFile section */
		0443804F22FA6BCA00B76A73 /* NSString+lqcRegular.m in Sources */ = {isa = PBXBuildFile; fileRef = 0443804D22FA6BC900B76A73 /* NSString+lqcRegular.m */; };
		AEB541633A3DD571879B0969 /* libPods-AccumulateOverALongPeriod.a in Frameworks */ = {isa = PBXBuildFile; fileRef = 467BF0CACAAB215E118E5B74 /* libPods-AccumulateOverALongPeriod.a */; };
		DF2BF89F2030234900BBB518 /* BusinessPage.m in Sources */ = {isa = PBXBuildFile; fileRef = DF2BF89E2030234900BBB518 /* BusinessPage.m */; };
		DF2BF8A3203023B700BBB518 /* SettingPage.m in Sources */ = {isa = PBXBuildFile; fileRef = DF2BF8A2203023B700BBB518 /* SettingPage.m */; };
		DF2BF8A8203025FC00BBB518 /* PWDVC.m in Sources */ = {isa = PBXBuildFile; fileRef = DF2BF8A6203025FC00BBB518 /* PWDVC.m */; };
		DF2E0EE9202AA1B900FD90C6 /* AppDelegate.m in Sources */ = {isa = PBXBuildFile; fileRef = DF2E0EE8202AA1B900FD90C6 /* AppDelegate.m */; };
		DF2E0EF1202AA1B900FD90C6 /* Assets.xcassets in Resources */ = {isa = PBXBuildFile; fileRef = DF2E0EF0202AA1B900FD90C6 /* Assets.xcassets */; };
		DF2E0EF4202AA1B900FD90C6 /* LaunchScreen.storyboard in Resources */ = {isa = PBXBuildFile; fileRef = DF2E0EF2202AA1B900FD90C6 /* LaunchScreen.storyboard */; };
		DF2E0EF7202AA1B900FD90C6 /* main.m in Sources */ = {isa = PBXBuildFile; fileRef = DF2E0EF6202AA1B900FD90C6 /* main.m */; };
		DF5104822092FF130065D751 /* WebPage.m in Sources */ = {isa = PBXBuildFile; fileRef = DF5104812092FF130065D751 /* WebPage.m */; };
		DF788046202ADE250026202A /* Constanct.m in Sources */ = {isa = PBXBuildFile; fileRef = DF788045202ADE250026202A /* Constanct.m */; };
		DFD44C0F202C302C00F77EE1 /* RootViewController.m in Sources */ = {isa = PBXBuildFile; fileRef = DFD44C0E202C302C00F77EE1 /* RootViewController.m */; };
		DFD44C15202C33F600F77EE1 /* BaseNavigationController.m in Sources */ = {isa = PBXBuildFile; fileRef = DFD44C14202C33F600F77EE1 /* BaseNavigationController.m */; };
		DFD44C1D202C362200F77EE1 /* NSArray+Usual.m in Sources */ = {isa = PBXBuildFile; fileRef = DFD44C1B202C362200F77EE1 /* NSArray+Usual.m */; };
		DFD44C20202C36A900F77EE1 /* BaseViewController.m in Sources */ = {isa = PBXBuildFile; fileRef = DFD44C1F202C36A900F77EE1 /* BaseViewController.m */; };
		DFD44C24202C373A00F77EE1 /* UIViewController+LayoutGuide.m in Sources */ = {isa = PBXBuildFile; fileRef = DFD44C23202C373A00F77EE1 /* UIViewController+LayoutGuide.m */; };
		DFD44C28202C386F00F77EE1 /* UIColor+Usual.m in Sources */ = {isa = PBXBuildFile; fileRef = DFD44C27202C386F00F77EE1 /* UIColor+Usual.m */; };
		DFD44C2C202C39C300F77EE1 /* NSString+Usual.m in Sources */ = {isa = PBXBuildFile; fileRef = DFD44C2B202C39C200F77EE1 /* NSString+Usual.m */; };
		DFD44C30202C3E1900F77EE1 /* BaseTabBarController.m in Sources */ = {isa = PBXBuildFile; fileRef = DFD44C2F202C3E1900F77EE1 /* BaseTabBarController.m */; };
		DFD44C34202C40B800F77EE1 /* FirstPageController.m in Sources */ = {isa = PBXBuildFile; fileRef = DFD44C33202C40B800F77EE1 /* FirstPageController.m */; };
		DFD44C37202C42B600F77EE1 /* UIViewController+DIYNavigationBar.m in Sources */ = {isa = PBXBuildFile; fileRef = DFD44C36202C42B600F77EE1 /* UIViewController+DIYNavigationBar.m */; };
		DFD44C3D202C437000F77EE1 /* DIYNavigationBar.m in Sources */ = {isa = PBXBuildFile; fileRef = DFD44C3B202C437000F77EE1 /* DIYNavigationBar.m */; };
		DFD44C41202C43B600F77EE1 /* UIView+SeparateLine.m in Sources */ = {isa = PBXBuildFile; fileRef = DFD44C40202C43B600F77EE1 /* UIView+SeparateLine.m */; };
		DFD44C45202C450800F77EE1 /* UILabel+Convenient.m in Sources */ = {isa = PBXBuildFile; fileRef = DFD44C44202C450800F77EE1 /* UILabel+Convenient.m */; };
		DFD44C48202C457900F77EE1 /* UIView+Border.m in Sources */ = {isa = PBXBuildFile; fileRef = DFD44C47202C457800F77EE1 /* UIView+Border.m */; };
		DFD44C4C202C4BBF00F77EE1 /* UIImage+Gradient.m in Sources */ = {isa = PBXBuildFile; fileRef = DFD44C4B202C4BBF00F77EE1 /* UIImage+Gradient.m */; };
		DFD44C57202C517600F77EE1 /* HomePageViewController.m in Sources */ = {isa = PBXBuildFile; fileRef = DFD44C56202C517600F77EE1 /* HomePageViewController.m */; };
		DFD44C5B202C531800F77EE1 /* RDDIYBottomBar.m in Sources */ = {isa = PBXBuildFile; fileRef = DFD44C5A202C531800F77EE1 /* RDDIYBottomBar.m */; };
		DFD44C5F202C53F600F77EE1 /* FirstPageTabbar.m in Sources */ = {isa = PBXBuildFile; fileRef = DFD44C5E202C53F600F77EE1 /* FirstPageTabbar.m */; };
		DFFC1C97202FE43E008A035C /* FirstPageTabbarItem.m in Sources */ = {isa = PBXBuildFile; fileRef = DFFC1C96202FE43E008A035C /* FirstPageTabbarItem.m */; };
		DFFDA0AD206395D7001AE762 /* LQCSDWebImageBridge.m in Sources */ = {isa = PBXBuildFile; fileRef = DFFDA0AC206395D7001AE762 /* LQCSDWebImageBridge.m */; };
/* End PBXBuildFile section */

/* Begin PBXFileReference section */
		0443804D22FA6BC900B76A73 /* NSString+lqcRegular.m */ = {isa = PBXFileReference; fileEncoding = 4; lastKnownFileType = sourcecode.c.objc; path = "NSString+lqcRegular.m"; sourceTree = "<group>"; };
		0443804E22FA6BCA00B76A73 /* NSString+lqcRegular.h */ = {isa = PBXFileReference; fileEncoding = 4; lastKnownFileType = sourcecode.c.h; path = "NSString+lqcRegular.h"; sourceTree = "<group>"; };
		467BF0CACAAB215E118E5B74 /* libPods-AccumulateOverALongPeriod.a */ = {isa = PBXFileReference; explicitFileType = archive.ar; includeInIndex = 0; path = "libPods-AccumulateOverALongPeriod.a"; sourceTree = BUILT_PRODUCTS_DIR; };
		738A548AD6311472708D64F9 /* Pods-AccumulateOverALongPeriod.release.xcconfig */ = {isa = PBXFileReference; includeInIndex = 1; lastKnownFileType = text.xcconfig; name = "Pods-AccumulateOverALongPeriod.release.xcconfig"; path = "Pods/Target Support Files/Pods-AccumulateOverALongPeriod/Pods-AccumulateOverALongPeriod.release.xcconfig"; sourceTree = "<group>"; };
		DF2BF89D2030234900BBB518 /* BusinessPage.h */ = {isa = PBXFileReference; lastKnownFileType = sourcecode.c.h; path = BusinessPage.h; sourceTree = "<group>"; };
		DF2BF89E2030234900BBB518 /* BusinessPage.m */ = {isa = PBXFileReference; lastKnownFileType = sourcecode.c.objc; path = BusinessPage.m; sourceTree = "<group>"; };
		DF2BF8A1203023B700BBB518 /* SettingPage.h */ = {isa = PBXFileReference; lastKnownFileType = sourcecode.c.h; path = SettingPage.h; sourceTree = "<group>"; };
		DF2BF8A2203023B700BBB518 /* SettingPage.m */ = {isa = PBXFileReference; lastKnownFileType = sourcecode.c.objc; path = SettingPage.m; sourceTree = "<group>"; };
		DF2BF8A6203025FC00BBB518 /* PWDVC.m */ = {isa = PBXFileReference; fileEncoding = 4; lastKnownFileType = sourcecode.c.objc; path = PWDVC.m; sourceTree = "<group>"; };
		DF2BF8A7203025FC00BBB518 /* PWDVC.h */ = {isa = PBXFileReference; fileEncoding = 4; lastKnownFileType = sourcecode.c.h; path = PWDVC.h; sourceTree = "<group>"; };
		DF2E0EE4202AA1B900FD90C6 /* AccumulateOverALongPeriod.app */ = {isa = PBXFileReference; explicitFileType = wrapper.application; includeInIndex = 0; path = AccumulateOverALongPeriod.app; sourceTree = BUILT_PRODUCTS_DIR; };
		DF2E0EE7202AA1B900FD90C6 /* AppDelegate.h */ = {isa = PBXFileReference; lastKnownFileType = sourcecode.c.h; path = AppDelegate.h; sourceTree = "<group>"; };
		DF2E0EE8202AA1B900FD90C6 /* AppDelegate.m */ = {isa = PBXFileReference; lastKnownFileType = sourcecode.c.objc; path = AppDelegate.m; sourceTree = "<group>"; };
		DF2E0EF0202AA1B900FD90C6 /* Assets.xcassets */ = {isa = PBXFileReference; lastKnownFileType = folder.assetcatalog; path = Assets.xcassets; sourceTree = "<group>"; };
		DF2E0EF3202AA1B900FD90C6 /* Base */ = {isa = PBXFileReference; lastKnownFileType = file.storyboard; name = Base; path = Base.lproj/LaunchScreen.storyboard; sourceTree = "<group>"; };
		DF2E0EF5202AA1B900FD90C6 /* Info.plist */ = {isa = PBXFileReference; lastKnownFileType = text.plist.xml; path = Info.plist; sourceTree = "<group>"; };
		DF2E0EF6202AA1B900FD90C6 /* main.m */ = {isa = PBXFileReference; lastKnownFileType = sourcecode.c.objc; path = main.m; sourceTree = "<group>"; };
		DF5104802092FF130065D751 /* WebPage.h */ = {isa = PBXFileReference; lastKnownFileType = sourcecode.c.h; path = WebPage.h; sourceTree = "<group>"; };
		DF5104812092FF130065D751 /* WebPage.m */ = {isa = PBXFileReference; lastKnownFileType = sourcecode.c.objc; path = WebPage.m; sourceTree = "<group>"; };
		DF788044202ADE250026202A /* Constanct.h */ = {isa = PBXFileReference; lastKnownFileType = sourcecode.c.h; path = Constanct.h; sourceTree = "<group>"; };
		DF788045202ADE250026202A /* Constanct.m */ = {isa = PBXFileReference; lastKnownFileType = sourcecode.c.objc; path = Constanct.m; sourceTree = "<group>"; };
		DF8A2455202AF4E4008ADE9C /* PCH.pch */ = {isa = PBXFileReference; lastKnownFileType = sourcecode.c.h; path = PCH.pch; sourceTree = "<group>"; };
		DFD44C0D202C302C00F77EE1 /* RootViewController.h */ = {isa = PBXFileReference; lastKnownFileType = sourcecode.c.h; path = RootViewController.h; sourceTree = "<group>"; };
		DFD44C0E202C302C00F77EE1 /* RootViewController.m */ = {isa = PBXFileReference; lastKnownFileType = sourcecode.c.objc; path = RootViewController.m; sourceTree = "<group>"; };
		DFD44C13202C33F600F77EE1 /* BaseNavigationController.h */ = {isa = PBXFileReference; lastKnownFileType = sourcecode.c.h; path = BaseNavigationController.h; sourceTree = "<group>"; };
		DFD44C14202C33F600F77EE1 /* BaseNavigationController.m */ = {isa = PBXFileReference; lastKnownFileType = sourcecode.c.objc; path = BaseNavigationController.m; sourceTree = "<group>"; };
		DFD44C1B202C362200F77EE1 /* NSArray+Usual.m */ = {isa = PBXFileReference; fileEncoding = 4; lastKnownFileType = sourcecode.c.objc; path = "NSArray+Usual.m"; sourceTree = "<group>"; };
		DFD44C1C202C362200F77EE1 /* NSArray+Usual.h */ = {isa = PBXFileReference; fileEncoding = 4; lastKnownFileType = sourcecode.c.h; path = "NSArray+Usual.h"; sourceTree = "<group>"; };
		DFD44C1E202C36A800F77EE1 /* BaseViewController.h */ = {isa = PBXFileReference; fileEncoding = 4; lastKnownFileType = sourcecode.c.h; path = BaseViewController.h; sourceTree = "<group>"; };
		DFD44C1F202C36A900F77EE1 /* BaseViewController.m */ = {isa = PBXFileReference; fileEncoding = 4; lastKnownFileType = sourcecode.c.objc; path = BaseViewController.m; sourceTree = "<group>"; };
		DFD44C22202C373A00F77EE1 /* UIViewController+LayoutGuide.h */ = {isa = PBXFileReference; fileEncoding = 4; lastKnownFileType = sourcecode.c.h; path = "UIViewController+LayoutGuide.h"; sourceTree = "<group>"; };
		DFD44C23202C373A00F77EE1 /* UIViewController+LayoutGuide.m */ = {isa = PBXFileReference; fileEncoding = 4; lastKnownFileType = sourcecode.c.objc; path = "UIViewController+LayoutGuide.m"; sourceTree = "<group>"; };
		DFD44C26202C386F00F77EE1 /* UIColor+Usual.h */ = {isa = PBXFileReference; fileEncoding = 4; lastKnownFileType = sourcecode.c.h; path = "UIColor+Usual.h"; sourceTree = "<group>"; };
		DFD44C27202C386F00F77EE1 /* UIColor+Usual.m */ = {isa = PBXFileReference; fileEncoding = 4; lastKnownFileType = sourcecode.c.objc; path = "UIColor+Usual.m"; sourceTree = "<group>"; };
		DFD44C2A202C39C200F77EE1 /* NSString+Usual.h */ = {isa = PBXFileReference; fileEncoding = 4; lastKnownFileType = sourcecode.c.h; path = "NSString+Usual.h"; sourceTree = "<group>"; };
		DFD44C2B202C39C200F77EE1 /* NSString+Usual.m */ = {isa = PBXFileReference; fileEncoding = 4; lastKnownFileType = sourcecode.c.objc; path = "NSString+Usual.m"; sourceTree = "<group>"; };
		DFD44C2E202C3E1900F77EE1 /* BaseTabBarController.h */ = {isa = PBXFileReference; lastKnownFileType = sourcecode.c.h; path = BaseTabBarController.h; sourceTree = "<group>"; };
		DFD44C2F202C3E1900F77EE1 /* BaseTabBarController.m */ = {isa = PBXFileReference; lastKnownFileType = sourcecode.c.objc; path = BaseTabBarController.m; sourceTree = "<group>"; };
		DFD44C32202C40B800F77EE1 /* FirstPageController.h */ = {isa = PBXFileReference; lastKnownFileType = sourcecode.c.h; path = FirstPageController.h; sourceTree = "<group>"; };
		DFD44C33202C40B800F77EE1 /* FirstPageController.m */ = {isa = PBXFileReference; lastKnownFileType = sourcecode.c.objc; path = FirstPageController.m; sourceTree = "<group>"; };
		DFD44C35202C42B600F77EE1 /* UIViewController+DIYNavigationBar.h */ = {isa = PBXFileReference; fileEncoding = 4; lastKnownFileType = sourcecode.c.h; path = "UIViewController+DIYNavigationBar.h"; sourceTree = "<group>"; };
		DFD44C36202C42B600F77EE1 /* UIViewController+DIYNavigationBar.m */ = {isa = PBXFileReference; fileEncoding = 4; lastKnownFileType = sourcecode.c.objc; path = "UIViewController+DIYNavigationBar.m"; sourceTree = "<group>"; };
		DFD44C3B202C437000F77EE1 /* DIYNavigationBar.m */ = {isa = PBXFileReference; fileEncoding = 4; lastKnownFileType = sourcecode.c.objc; path = DIYNavigationBar.m; sourceTree = "<group>"; };
		DFD44C3C202C437000F77EE1 /* DIYNavigationBar.h */ = {isa = PBXFileReference; fileEncoding = 4; lastKnownFileType = sourcecode.c.h; path = DIYNavigationBar.h; sourceTree = "<group>"; };
		DFD44C3F202C43B600F77EE1 /* UIView+SeparateLine.h */ = {isa = PBXFileReference; fileEncoding = 4; lastKnownFileType = sourcecode.c.h; path = "UIView+SeparateLine.h"; sourceTree = "<group>"; };
		DFD44C40202C43B600F77EE1 /* UIView+SeparateLine.m */ = {isa = PBXFileReference; fileEncoding = 4; lastKnownFileType = sourcecode.c.objc; path = "UIView+SeparateLine.m"; sourceTree = "<group>"; };
		DFD44C43202C450800F77EE1 /* UILabel+Convenient.h */ = {isa = PBXFileReference; fileEncoding = 4; lastKnownFileType = sourcecode.c.h; path = "UILabel+Convenient.h"; sourceTree = "<group>"; };
		DFD44C44202C450800F77EE1 /* UILabel+Convenient.m */ = {isa = PBXFileReference; fileEncoding = 4; lastKnownFileType = sourcecode.c.objc; path = "UILabel+Convenient.m"; sourceTree = "<group>"; };
		DFD44C46202C457800F77EE1 /* UIView+Border.h */ = {isa = PBXFileReference; fileEncoding = 4; lastKnownFileType = sourcecode.c.h; path = "UIView+Border.h"; sourceTree = "<group>"; };
		DFD44C47202C457800F77EE1 /* UIView+Border.m */ = {isa = PBXFileReference; fileEncoding = 4; lastKnownFileType = sourcecode.c.objc; path = "UIView+Border.m"; sourceTree = "<group>"; };
		DFD44C4A202C4BBF00F77EE1 /* UIImage+Gradient.h */ = {isa = PBXFileReference; fileEncoding = 4; lastKnownFileType = sourcecode.c.h; path = "UIImage+Gradient.h"; sourceTree = "<group>"; };
		DFD44C4B202C4BBF00F77EE1 /* UIImage+Gradient.m */ = {isa = PBXFileReference; fileEncoding = 4; lastKnownFileType = sourcecode.c.objc; path = "UIImage+Gradient.m"; sourceTree = "<group>"; };
		DFD44C55202C517600F77EE1 /* HomePageViewController.h */ = {isa = PBXFileReference; lastKnownFileType = sourcecode.c.h; path = HomePageViewController.h; sourceTree = "<group>"; };
		DFD44C56202C517600F77EE1 /* HomePageViewController.m */ = {isa = PBXFileReference; lastKnownFileType = sourcecode.c.objc; path = HomePageViewController.m; sourceTree = "<group>"; };
		DFD44C59202C531800F77EE1 /* RDDIYBottomBar.h */ = {isa = PBXFileReference; fileEncoding = 4; lastKnownFileType = sourcecode.c.h; path = RDDIYBottomBar.h; sourceTree = "<group>"; };
		DFD44C5A202C531800F77EE1 /* RDDIYBottomBar.m */ = {isa = PBXFileReference; fileEncoding = 4; lastKnownFileType = sourcecode.c.objc; path = RDDIYBottomBar.m; sourceTree = "<group>"; };
		DFD44C5D202C53F600F77EE1 /* FirstPageTabbar.h */ = {isa = PBXFileReference; lastKnownFileType = sourcecode.c.h; path = FirstPageTabbar.h; sourceTree = "<group>"; };
		DFD44C5E202C53F600F77EE1 /* FirstPageTabbar.m */ = {isa = PBXFileReference; lastKnownFileType = sourcecode.c.objc; path = FirstPageTabbar.m; sourceTree = "<group>"; };
		DFFC1C95202FE43E008A035C /* FirstPageTabbarItem.h */ = {isa = PBXFileReference; lastKnownFileType = sourcecode.c.h; path = FirstPageTabbarItem.h; sourceTree = "<group>"; };
		DFFC1C96202FE43E008A035C /* FirstPageTabbarItem.m */ = {isa = PBXFileReference; lastKnownFileType = sourcecode.c.objc; path = FirstPageTabbarItem.m; sourceTree = "<group>"; };
		DFFDA0AB206395D7001AE762 /* LQCSDWebImageBridge.h */ = {isa = PBXFileReference; lastKnownFileType = sourcecode.c.h; path = LQCSDWebImageBridge.h; sourceTree = "<group>"; };
		DFFDA0AC206395D7001AE762 /* LQCSDWebImageBridge.m */ = {isa = PBXFileReference; lastKnownFileType = sourcecode.c.objc; path = LQCSDWebImageBridge.m; sourceTree = "<group>"; };
		F37EDB1A951593EAB2943CC2 /* Pods-AccumulateOverALongPeriod.debug.xcconfig */ = {isa = PBXFileReference; includeInIndex = 1; lastKnownFileType = text.xcconfig; name = "Pods-AccumulateOverALongPeriod.debug.xcconfig"; path = "Pods/Target Support Files/Pods-AccumulateOverALongPeriod/Pods-AccumulateOverALongPeriod.debug.xcconfig"; sourceTree = "<group>"; };
/* End PBXFileReference section */

/* Begin PBXFrameworksBuildPhase section */
		DF2E0EE1202AA1B900FD90C6 /* Frameworks */ = {
			isa = PBXFrameworksBuildPhase;
			buildActionMask = 2147483647;
			files = (
				AEB541633A3DD571879B0969 /* libPods-AccumulateOverALongPeriod.a in Frameworks */,
			);
			runOnlyForDeploymentPostprocessing = 0;
		};
/* End PBXFrameworksBuildPhase section */

/* Begin PBXGroup section */
		4039791ECF7C766B664D69DB /* Frameworks */ = {
			isa = PBXGroup;
			children = (
				467BF0CACAAB215E118E5B74 /* libPods-AccumulateOverALongPeriod.a */,
			);
			name = Frameworks;
			sourceTree = "<group>";
		};
		DF2BF89C203022C700BBB518 /* BusinessPage */ = {
			isa = PBXGroup;
			children = (
				DF2BF89D2030234900BBB518 /* BusinessPage.h */,
				DF2BF89E2030234900BBB518 /* BusinessPage.m */,
			);
			path = BusinessPage;
			sourceTree = "<group>";
		};
		DF2BF8A02030239600BBB518 /* SettingPage */ = {
			isa = PBXGroup;
			children = (
				DF2BF8A1203023B700BBB518 /* SettingPage.h */,
				DF2BF8A2203023B700BBB518 /* SettingPage.m */,
			);
			path = SettingPage;
			sourceTree = "<group>";
		};
		DF2BF8A42030258000BBB518 /* PasswordPage */ = {
			isa = PBXGroup;
			children = (
				DF2BF8A7203025FC00BBB518 /* PWDVC.h */,
				DF2BF8A6203025FC00BBB518 /* PWDVC.m */,
			);
			path = PasswordPage;
			sourceTree = "<group>";
		};
		DF2E0EDB202AA1B900FD90C6 = {
			isa = PBXGroup;
			children = (
				DF2E0EE6202AA1B900FD90C6 /* AccumulateOverALongPeriod */,
				DF2E0EE5202AA1B900FD90C6 /* Products */,
				DF95C3CD924A4131263A476C /* Pods */,
				4039791ECF7C766B664D69DB /* Frameworks */,
			);
			sourceTree = "<group>";
		};
		DF2E0EE5202AA1B900FD90C6 /* Products */ = {
			isa = PBXGroup;
			children = (
				DF2E0EE4202AA1B900FD90C6 /* AccumulateOverALongPeriod.app */,
			);
			name = Products;
			sourceTree = "<group>";
		};
		DF2E0EE6202AA1B900FD90C6 /* AccumulateOverALongPeriod */ = {
			isa = PBXGroup;
			children = (
				DFFDA0A620639517001AE762 /* ThirdPartBridge */,
				DFD44C39202C432D00F77EE1 /* CommonView */,
				DFD44C16202C34E600F77EE1 /* Category */,
				DFD44C10202C31BC00F77EE1 /* Base */,
				DF788040202AD84A0026202A /* Main */,
				DFD44C4E202C50DD00F77EE1 /* Features */,
				DF78803F202AD7020026202A /* Resource */,
			);
			path = AccumulateOverALongPeriod;
			sourceTree = "<group>";
		};
		DF51047F2092FEEF0065D751 /* WebPage */ = {
			isa = PBXGroup;
			children = (
				DF5104802092FF130065D751 /* WebPage.h */,
				DF5104812092FF130065D751 /* WebPage.m */,
			);
			path = WebPage;
			sourceTree = "<group>";
		};
		DF78803F202AD7020026202A /* Resource */ = {
			isa = PBXGroup;
			children = (
				DF2E0EF0202AA1B900FD90C6 /* Assets.xcassets */,
				DF2E0EF2202AA1B900FD90C6 /* LaunchScreen.storyboard */,
				DF2E0EF5202AA1B900FD90C6 /* Info.plist */,
			);
			path = Resource;
			sourceTree = "<group>";
		};
		DF788040202AD84A0026202A /* Main */ = {
			isa = PBXGroup;
			children = (
				DF788041202AD8580026202A /* APPDelegate */,
				DFD44C0C202C2FD400F77EE1 /* RootViewController */,
				DF788042202AD9960026202A /* Macro */,
			);
			path = Main;
			sourceTree = "<group>";
		};
		DF788041202AD8580026202A /* APPDelegate */ = {
			isa = PBXGroup;
			children = (
				DF2E0EE7202AA1B900FD90C6 /* AppDelegate.h */,
				DF2E0EE8202AA1B900FD90C6 /* AppDelegate.m */,
				DF2E0EF6202AA1B900FD90C6 /* main.m */,
			);
			path = APPDelegate;
			sourceTree = "<group>";
		};
		DF788042202AD9960026202A /* Macro */ = {
			isa = PBXGroup;
			children = (
				DF8A2455202AF4E4008ADE9C /* PCH.pch */,
				DF788044202ADE250026202A /* Constanct.h */,
				DF788045202ADE250026202A /* Constanct.m */,
			);
			path = Macro;
			sourceTree = "<group>";
		};
		DF95C3CD924A4131263A476C /* Pods */ = {
			isa = PBXGroup;
			children = (
				F37EDB1A951593EAB2943CC2 /* Pods-AccumulateOverALongPeriod.debug.xcconfig */,
				738A548AD6311472708D64F9 /* Pods-AccumulateOverALongPeriod.release.xcconfig */,
			);
			name = Pods;
			sourceTree = "<group>";
		};
		DFD44C0C202C2FD400F77EE1 /* RootViewController */ = {
			isa = PBXGroup;
			children = (
				DFD44C0D202C302C00F77EE1 /* RootViewController.h */,
				DFD44C0E202C302C00F77EE1 /* RootViewController.m */,
			);
			path = RootViewController;
			sourceTree = "<group>";
		};
		DFD44C10202C31BC00F77EE1 /* Base */ = {
			isa = PBXGroup;
			children = (
				DFD44C2D202C3DE400F77EE1 /* BaseTabBarController */,
				DFD44C12202C324500F77EE1 /* BaseNavigationViewController */,
				DFD44C11202C322D00F77EE1 /* BaseViewController */,
				DFD44C31202C405500F77EE1 /* FirstPageController */,
			);
			path = Base;
			sourceTree = "<group>";
		};
		DFD44C11202C322D00F77EE1 /* BaseViewController */ = {
			isa = PBXGroup;
			children = (
				DFD44C1E202C36A800F77EE1 /* BaseViewController.h */,
				DFD44C1F202C36A900F77EE1 /* BaseViewController.m */,
			);
			path = BaseViewController;
			sourceTree = "<group>";
		};
		DFD44C12202C324500F77EE1 /* BaseNavigationViewController */ = {
			isa = PBXGroup;
			children = (
				DFD44C13202C33F600F77EE1 /* BaseNavigationController.h */,
				DFD44C14202C33F600F77EE1 /* BaseNavigationController.m */,
			);
			path = BaseNavigationViewController;
			sourceTree = "<group>";
		};
		DFD44C16202C34E600F77EE1 /* Category */ = {
			isa = PBXGroup;
			children = (
				DFD44C49202C4B6200F77EE1 /* UIImage */,
				DFD44C42202C44F900F77EE1 /* UILabel */,
				DFD44C3E202C43A400F77EE1 /* View */,
				DFD44C29202C399A00F77EE1 /* NSString */,
				DFD44C25202C386000F77EE1 /* UIColor */,
				DFD44C21202C371B00F77EE1 /* ViewController */,
				DFD44C17202C34F600F77EE1 /* NSArray */,
			);
			path = Category;
			sourceTree = "<group>";
		};
		DFD44C17202C34F600F77EE1 /* NSArray */ = {
			isa = PBXGroup;
			children = (
				DFD44C1C202C362200F77EE1 /* NSArray+Usual.h */,
				DFD44C1B202C362200F77EE1 /* NSArray+Usual.m */,
			);
			path = NSArray;
			sourceTree = "<group>";
		};
		DFD44C21202C371B00F77EE1 /* ViewController */ = {
			isa = PBXGroup;
			children = (
				DFD44C22202C373A00F77EE1 /* UIViewController+LayoutGuide.h */,
				DFD44C23202C373A00F77EE1 /* UIViewController+LayoutGuide.m */,
				DFD44C35202C42B600F77EE1 /* UIViewController+DIYNavigationBar.h */,
				DFD44C36202C42B600F77EE1 /* UIViewController+DIYNavigationBar.m */,
			);
			path = ViewController;
			sourceTree = "<group>";
		};
		DFD44C25202C386000F77EE1 /* UIColor */ = {
			isa = PBXGroup;
			children = (
				DFD44C26202C386F00F77EE1 /* UIColor+Usual.h */,
				DFD44C27202C386F00F77EE1 /* UIColor+Usual.m */,
			);
			path = UIColor;
			sourceTree = "<group>";
		};
		DFD44C29202C399A00F77EE1 /* NSString */ = {
			isa = PBXGroup;
			children = (
				DFD44C2A202C39C200F77EE1 /* NSString+Usual.h */,
				DFD44C2B202C39C200F77EE1 /* NSString+Usual.m */,
				0443804E22FA6BCA00B76A73 /* NSString+lqcRegular.h */,
				0443804D22FA6BC900B76A73 /* NSString+lqcRegular.m */,
			);
			path = NSString;
			sourceTree = "<group>";
		};
		DFD44C2D202C3DE400F77EE1 /* BaseTabBarController */ = {
			isa = PBXGroup;
			children = (
				DFD44C2E202C3E1900F77EE1 /* BaseTabBarController.h */,
				DFD44C2F202C3E1900F77EE1 /* BaseTabBarController.m */,
			);
			path = BaseTabBarController;
			sourceTree = "<group>";
		};
		DFD44C31202C405500F77EE1 /* FirstPageController */ = {
			isa = PBXGroup;
			children = (
				DFD44C32202C40B800F77EE1 /* FirstPageController.h */,
				DFD44C33202C40B800F77EE1 /* FirstPageController.m */,
				DFD44C5D202C53F600F77EE1 /* FirstPageTabbar.h */,
				DFD44C5E202C53F600F77EE1 /* FirstPageTabbar.m */,
				DFFC1C95202FE43E008A035C /* FirstPageTabbarItem.h */,
				DFFC1C96202FE43E008A035C /* FirstPageTabbarItem.m */,
			);
			path = FirstPageController;
			sourceTree = "<group>";
		};
		DFD44C39202C432D00F77EE1 /* CommonView */ = {
			isa = PBXGroup;
			children = (
				DFD44C58202C52F200F77EE1 /* DiyBottomBar */,
				DFD44C3A202C433700F77EE1 /* DiyNavigationBar */,
			);
			path = CommonView;
			sourceTree = "<group>";
		};
		DFD44C3A202C433700F77EE1 /* DiyNavigationBar */ = {
			isa = PBXGroup;
			children = (
				DFD44C3C202C437000F77EE1 /* DIYNavigationBar.h */,
				DFD44C3B202C437000F77EE1 /* DIYNavigationBar.m */,
			);
			path = DiyNavigationBar;
			sourceTree = "<group>";
		};
		DFD44C3E202C43A400F77EE1 /* View */ = {
			isa = PBXGroup;
			children = (
				DFD44C46202C457800F77EE1 /* UIView+Border.h */,
				DFD44C47202C457800F77EE1 /* UIView+Border.m */,
				DFD44C3F202C43B600F77EE1 /* UIView+SeparateLine.h */,
				DFD44C40202C43B600F77EE1 /* UIView+SeparateLine.m */,
			);
			path = View;
			sourceTree = "<group>";
		};
		DFD44C42202C44F900F77EE1 /* UILabel */ = {
			isa = PBXGroup;
			children = (
				DFD44C43202C450800F77EE1 /* UILabel+Convenient.h */,
				DFD44C44202C450800F77EE1 /* UILabel+Convenient.m */,
			);
			path = UILabel;
			sourceTree = "<group>";
		};
		DFD44C49202C4B6200F77EE1 /* UIImage */ = {
			isa = PBXGroup;
			children = (
				DFD44C4A202C4BBF00F77EE1 /* UIImage+Gradient.h */,
				DFD44C4B202C4BBF00F77EE1 /* UIImage+Gradient.m */,
			);
			path = UIImage;
			sourceTree = "<group>";
		};
		DFD44C4E202C50DD00F77EE1 /* Features */ = {
			isa = PBXGroup;
			children = (
				DFD44C4F202C511500F77EE1 /* HomePage */,
				DF2BF89C203022C700BBB518 /* BusinessPage */,
				DF2BF8A02030239600BBB518 /* SettingPage */,
				DF2BF8A42030258000BBB518 /* PasswordPage */,
				DF51047F2092FEEF0065D751 /* WebPage */,
			);
			path = Features;
			sourceTree = "<group>";
		};
		DFD44C4F202C511500F77EE1 /* HomePage */ = {
			isa = PBXGroup;
			children = (
				DFD44C50202C513D00F77EE1 /* Controller */,
			);
			path = HomePage;
			sourceTree = "<group>";
		};
		DFD44C50202C513D00F77EE1 /* Controller */ = {
			isa = PBXGroup;
			children = (
				DFD44C55202C517600F77EE1 /* HomePageViewController.h */,
				DFD44C56202C517600F77EE1 /* HomePageViewController.m */,
			);
			path = Controller;
			sourceTree = "<group>";
		};
		DFD44C58202C52F200F77EE1 /* DiyBottomBar */ = {
			isa = PBXGroup;
			children = (
				DFD44C59202C531800F77EE1 /* RDDIYBottomBar.h */,
				DFD44C5A202C531800F77EE1 /* RDDIYBottomBar.m */,
			);
			path = DiyBottomBar;
			sourceTree = "<group>";
		};
		DFFDA0A620639517001AE762 /* ThirdPartBridge */ = {
			isa = PBXGroup;
			children = (
				DFFDA0A720639561001AE762 /* SDWebImage */,
			);
			path = ThirdPartBridge;
			sourceTree = "<group>";
		};
		DFFDA0A720639561001AE762 /* SDWebImage */ = {
			isa = PBXGroup;
			children = (
				DFFDA0AB206395D7001AE762 /* LQCSDWebImageBridge.h */,
				DFFDA0AC206395D7001AE762 /* LQCSDWebImageBridge.m */,
			);
			path = SDWebImage;
			sourceTree = "<group>";
		};
/* End PBXGroup section */

/* Begin PBXNativeTarget section */
		DF2E0EE3202AA1B900FD90C6 /* AccumulateOverALongPeriod */ = {
			isa = PBXNativeTarget;
			buildConfigurationList = DF2E0EFA202AA1B900FD90C6 /* Build configuration list for PBXNativeTarget "AccumulateOverALongPeriod" */;
			buildPhases = (
				E45827B646FACE550D334F68 /* [CP] Check Pods Manifest.lock */,
				DF2E0EE0202AA1B900FD90C6 /* Sources */,
				DF2E0EE1202AA1B900FD90C6 /* Frameworks */,
				DF2E0EE2202AA1B900FD90C6 /* Resources */,
				92ECD408BD280FA31410E735 /* [CP] Embed Pods Frameworks */,
				6F48209EBF5B8CBD45A0008F /* [CP] Copy Pods Resources */,
			);
			buildRules = (
			);
			dependencies = (
			);
			name = AccumulateOverALongPeriod;
			productName = AccumulateOverALongPeriod;
			productReference = DF2E0EE4202AA1B900FD90C6 /* AccumulateOverALongPeriod.app */;
			productType = "com.apple.product-type.application";
		};
/* End PBXNativeTarget section */

/* Begin PBXProject section */
		DF2E0EDC202AA1B900FD90C6 /* Project object */ = {
			isa = PBXProject;
			attributes = {
				LastUpgradeCheck = 0910;
				ORGANIZATIONNAME = "梁齐才";
				TargetAttributes = {
					DF2E0EE3202AA1B900FD90C6 = {
						CreatedOnToolsVersion = 9.1;
						ProvisioningStyle = Automatic;
					};
				};
			};
			buildConfigurationList = DF2E0EDF202AA1B900FD90C6 /* Build configuration list for PBXProject "AccumulateOverALongPeriod" */;
			compatibilityVersion = "Xcode 8.0";
			developmentRegion = en;
			hasScannedForEncodings = 0;
			knownRegions = (
				en,
				Base,
			);
			mainGroup = DF2E0EDB202AA1B900FD90C6;
			productRefGroup = DF2E0EE5202AA1B900FD90C6 /* Products */;
			projectDirPath = "";
			projectRoot = "";
			targets = (
				DF2E0EE3202AA1B900FD90C6 /* AccumulateOverALongPeriod */,
			);
		};
/* End PBXProject section */

/* Begin PBXResourcesBuildPhase section */
		DF2E0EE2202AA1B900FD90C6 /* Resources */ = {
			isa = PBXResourcesBuildPhase;
			buildActionMask = 2147483647;
			files = (
				DF2E0EF4202AA1B900FD90C6 /* LaunchScreen.storyboard in Resources */,
				DF2E0EF1202AA1B900FD90C6 /* Assets.xcassets in Resources */,
			);
			runOnlyForDeploymentPostprocessing = 0;
		};
/* End PBXResourcesBuildPhase section */

/* Begin PBXShellScriptBuildPhase section */
		6F48209EBF5B8CBD45A0008F /* [CP] Copy Pods Resources */ = {
			isa = PBXShellScriptBuildPhase;
			buildActionMask = 2147483647;
			files = (
			);
			inputPaths = (
				"${SRCROOT}/Pods/Target Support Files/Pods-AccumulateOverALongPeriod/Pods-AccumulateOverALongPeriod-resources.sh",
				"${PODS_ROOT}/MJRefresh/MJRefresh/MJRefresh.bundle",
			);
			name = "[CP] Copy Pods Resources";
			outputPaths = (
				"${TARGET_BUILD_DIR}/${UNLOCALIZED_RESOURCES_FOLDER_PATH}/MJRefresh.bundle",
			);
			runOnlyForDeploymentPostprocessing = 0;
			shellPath = /bin/sh;
			shellScript = "\"${SRCROOT}/Pods/Target Support Files/Pods-AccumulateOverALongPeriod/Pods-AccumulateOverALongPeriod-resources.sh\"\n";
			showEnvVarsInLog = 0;
		};
		92ECD408BD280FA31410E735 /* [CP] Embed Pods Frameworks */ = {
			isa = PBXShellScriptBuildPhase;
			buildActionMask = 2147483647;
			files = (
			);
			inputPaths = (
				"${SRCROOT}/Pods/Target Support Files/Pods-AccumulateOverALongPeriod/Pods-AccumulateOverALongPeriod-frameworks.sh",
				"${PODS_ROOT}/Reveal-SDK/RevealServer-4/iOS/RevealServer.framework",
			);
			name = "[CP] Embed Pods Frameworks";
			outputPaths = (
				"${TARGET_BUILD_DIR}/${FRAMEWORKS_FOLDER_PATH}/RevealServer.framework",
			);
			runOnlyForDeploymentPostprocessing = 0;
			shellPath = /bin/sh;
			shellScript = "\"${SRCROOT}/Pods/Target Support Files/Pods-AccumulateOverALongPeriod/Pods-AccumulateOverALongPeriod-frameworks.sh\"\n";
			showEnvVarsInLog = 0;
		};
		E45827B646FACE550D334F68 /* [CP] Check Pods Manifest.lock */ = {
			isa = PBXShellScriptBuildPhase;
			buildActionMask = 2147483647;
			files = (
			);
			inputPaths = (
				"${PODS_PODFILE_DIR_PATH}/Podfile.lock",
				"${PODS_ROOT}/Manifest.lock",
			);
			name = "[CP] Check Pods Manifest.lock";
			outputPaths = (
				"$(DERIVED_FILE_DIR)/Pods-AccumulateOverALongPeriod-checkManifestLockResult.txt",
			);
			runOnlyForDeploymentPostprocessing = 0;
			shellPath = /bin/sh;
			shellScript = "diff \"${PODS_PODFILE_DIR_PATH}/Podfile.lock\" \"${PODS_ROOT}/Manifest.lock\" > /dev/null\nif [ $? != 0 ] ; then\n    # print error to STDERR\n    echo \"error: The sandbox is not in sync with the Podfile.lock. Run 'pod install' or update your CocoaPods installation.\" >&2\n    exit 1\nfi\n# This output is used by Xcode 'outputs' to avoid re-running this script phase.\necho \"SUCCESS\" > \"${SCRIPT_OUTPUT_FILE_0}\"\n";
			showEnvVarsInLog = 0;
		};
/* End PBXShellScriptBuildPhase section */

/* Begin PBXSourcesBuildPhase section */
		DF2E0EE0202AA1B900FD90C6 /* Sources */ = {
			isa = PBXSourcesBuildPhase;
			buildActionMask = 2147483647;
			files = (
				DFD44C37202C42B600F77EE1 /* UIViewController+DIYNavigationBar.m in Sources */,
				DFD44C5B202C531800F77EE1 /* RDDIYBottomBar.m in Sources */,
				DFD44C4C202C4BBF00F77EE1 /* UIImage+Gradient.m in Sources */,
				DFD44C45202C450800F77EE1 /* UILabel+Convenient.m in Sources */,
				DFD44C48202C457900F77EE1 /* UIView+Border.m in Sources */,
				0443804F22FA6BCA00B76A73 /* NSString+lqcRegular.m in Sources */,
				DFD44C57202C517600F77EE1 /* HomePageViewController.m in Sources */,
				DF2BF8A8203025FC00BBB518 /* PWDVC.m in Sources */,
				DFD44C2C202C39C300F77EE1 /* NSString+Usual.m in Sources */,
				DFD44C41202C43B600F77EE1 /* UIView+SeparateLine.m in Sources */,
				DF788046202ADE250026202A /* Constanct.m in Sources */,
				DF2E0EF7202AA1B900FD90C6 /* main.m in Sources */,
				DFFC1C97202FE43E008A035C /* FirstPageTabbarItem.m in Sources */,
				DF2BF8A3203023B700BBB518 /* SettingPage.m in Sources */,
				DFD44C0F202C302C00F77EE1 /* RootViewController.m in Sources */,
				DFD44C1D202C362200F77EE1 /* NSArray+Usual.m in Sources */,
				DF2E0EE9202AA1B900FD90C6 /* AppDelegate.m in Sources */,
				DFD44C24202C373A00F77EE1 /* UIViewController+LayoutGuide.m in Sources */,
				DFD44C20202C36A900F77EE1 /* BaseViewController.m in Sources */,
				DF5104822092FF130065D751 /* WebPage.m in Sources */,
				DFD44C30202C3E1900F77EE1 /* BaseTabBarController.m in Sources */,
				DFD44C34202C40B800F77EE1 /* FirstPageController.m in Sources */,
				DFD44C28202C386F00F77EE1 /* UIColor+Usual.m in Sources */,
				DFD44C5F202C53F600F77EE1 /* FirstPageTabbar.m in Sources */,
				DFD44C3D202C437000F77EE1 /* DIYNavigationBar.m in Sources */,
				DFFDA0AD206395D7001AE762 /* LQCSDWebImageBridge.m in Sources */,
				DFD44C15202C33F600F77EE1 /* BaseNavigationController.m in Sources */,
				DF2BF89F2030234900BBB518 /* BusinessPage.m in Sources */,
			);
			runOnlyForDeploymentPostprocessing = 0;
		};
/* End PBXSourcesBuildPhase section */

/* Begin PBXVariantGroup section */
		DF2E0EF2202AA1B900FD90C6 /* LaunchScreen.storyboard */ = {
			isa = PBXVariantGroup;
			children = (
				DF2E0EF3202AA1B900FD90C6 /* Base */,
			);
			name = LaunchScreen.storyboard;
			sourceTree = "<group>";
		};
/* End PBXVariantGroup section */

/* Begin XCBuildConfiguration section */
		DF2E0EF8202AA1B900FD90C6 /* Debug */ = {
			isa = XCBuildConfiguration;
			buildSettings = {
				ALWAYS_SEARCH_USER_PATHS = NO;
				CLANG_ANALYZER_NONNULL = YES;
				CLANG_ANALYZER_NUMBER_OBJECT_CONVERSION = YES_AGGRESSIVE;
				CLANG_CXX_LANGUAGE_STANDARD = "gnu++14";
				CLANG_CXX_LIBRARY = "libc++";
				CLANG_ENABLE_MODULES = YES;
				CLANG_ENABLE_OBJC_ARC = YES;
				CLANG_WARN_BLOCK_CAPTURE_AUTORELEASING = YES;
				CLANG_WARN_BOOL_CONVERSION = YES;
				CLANG_WARN_COMMA = YES;
				CLANG_WARN_CONSTANT_CONVERSION = YES;
				CLANG_WARN_DIRECT_OBJC_ISA_USAGE = YES_ERROR;
				CLANG_WARN_DOCUMENTATION_COMMENTS = YES;
				CLANG_WARN_EMPTY_BODY = YES;
				CLANG_WARN_ENUM_CONVERSION = YES;
				CLANG_WARN_INFINITE_RECURSION = YES;
				CLANG_WARN_INT_CONVERSION = YES;
				CLANG_WARN_NON_LITERAL_NULL_CONVERSION = YES;
				CLANG_WARN_OBJC_LITERAL_CONVERSION = YES;
				CLANG_WARN_OBJC_ROOT_CLASS = YES_ERROR;
				CLANG_WARN_RANGE_LOOP_ANALYSIS = YES;
				CLANG_WARN_STRICT_PROTOTYPES = YES;
				CLANG_WARN_SUSPICIOUS_MOVE = YES;
				CLANG_WARN_UNGUARDED_AVAILABILITY = YES_AGGRESSIVE;
				CLANG_WARN_UNREACHABLE_CODE = YES;
				CLANG_WARN__DUPLICATE_METHOD_MATCH = YES;
				CODE_SIGN_IDENTITY = "iPhone Developer";
				COPY_PHASE_STRIP = NO;
				DEBUG_INFORMATION_FORMAT = dwarf;
				ENABLE_STRICT_OBJC_MSGSEND = YES;
				ENABLE_TESTABILITY = YES;
				GCC_C_LANGUAGE_STANDARD = gnu11;
				GCC_DYNAMIC_NO_PIC = NO;
				GCC_NO_COMMON_BLOCKS = YES;
				GCC_OPTIMIZATION_LEVEL = 0;
				GCC_PREPROCESSOR_DEFINITIONS = (
					"DEBUG=1",
					"$(inherited)",
				);
				GCC_WARN_64_TO_32_BIT_CONVERSION = YES;
				GCC_WARN_ABOUT_RETURN_TYPE = YES_ERROR;
				GCC_WARN_UNDECLARED_SELECTOR = YES;
				GCC_WARN_UNINITIALIZED_AUTOS = YES_AGGRESSIVE;
				GCC_WARN_UNUSED_FUNCTION = YES;
				GCC_WARN_UNUSED_VARIABLE = YES;
				IPHONEOS_DEPLOYMENT_TARGET = 8.0;
				MTL_ENABLE_DEBUG_INFO = YES;
				ONLY_ACTIVE_ARCH = YES;
				SDKROOT = iphoneos;
			};
			name = Debug;
		};
		DF2E0EF9202AA1B900FD90C6 /* Release */ = {
			isa = XCBuildConfiguration;
			buildSettings = {
				ALWAYS_SEARCH_USER_PATHS = NO;
				CLANG_ANALYZER_NONNULL = YES;
				CLANG_ANALYZER_NUMBER_OBJECT_CONVERSION = YES_AGGRESSIVE;
				CLANG_CXX_LANGUAGE_STANDARD = "gnu++14";
				CLANG_CXX_LIBRARY = "libc++";
				CLANG_ENABLE_MODULES = YES;
				CLANG_ENABLE_OBJC_ARC = YES;
				CLANG_WARN_BLOCK_CAPTURE_AUTORELEASING = YES;
				CLANG_WARN_BOOL_CONVERSION = YES;
				CLANG_WARN_COMMA = YES;
				CLANG_WARN_CONSTANT_CONVERSION = YES;
				CLANG_WARN_DIRECT_OBJC_ISA_USAGE = YES_ERROR;
				CLANG_WARN_DOCUMENTATION_COMMENTS = YES;
				CLANG_WARN_EMPTY_BODY = YES;
				CLANG_WARN_ENUM_CONVERSION = YES;
				CLANG_WARN_INFINITE_RECURSION = YES;
				CLANG_WARN_INT_CONVERSION = YES;
				CLANG_WARN_NON_LITERAL_NULL_CONVERSION = YES;
				CLANG_WARN_OBJC_LITERAL_CONVERSION = YES;
				CLANG_WARN_OBJC_ROOT_CLASS = YES_ERROR;
				CLANG_WARN_RANGE_LOOP_ANALYSIS = YES;
				CLANG_WARN_STRICT_PROTOTYPES = YES;
				CLANG_WARN_SUSPICIOUS_MOVE = YES;
				CLANG_WARN_UNGUARDED_AVAILABILITY = YES_AGGRESSIVE;
				CLANG_WARN_UNREACHABLE_CODE = YES;
				CLANG_WARN__DUPLICATE_METHOD_MATCH = YES;
				CODE_SIGN_IDENTITY = "iPhone Developer";
				COPY_PHASE_STRIP = NO;
				DEBUG_INFORMATION_FORMAT = "dwarf-with-dsym";
				ENABLE_NS_ASSERTIONS = NO;
				ENABLE_STRICT_OBJC_MSGSEND = YES;
				GCC_C_LANGUAGE_STANDARD = gnu11;
				GCC_NO_COMMON_BLOCKS = YES;
				GCC_WARN_64_TO_32_BIT_CONVERSION = YES;
				GCC_WARN_ABOUT_RETURN_TYPE = YES_ERROR;
				GCC_WARN_UNDECLARED_SELECTOR = YES;
				GCC_WARN_UNINITIALIZED_AUTOS = YES_AGGRESSIVE;
				GCC_WARN_UNUSED_FUNCTION = YES;
				GCC_WARN_UNUSED_VARIABLE = YES;
				IPHONEOS_DEPLOYMENT_TARGET = 8.0;
				MTL_ENABLE_DEBUG_INFO = NO;
				SDKROOT = iphoneos;
				VALIDATE_PRODUCT = YES;
			};
			name = Release;
		};
		DF2E0EFB202AA1B900FD90C6 /* Debug */ = {
			isa = XCBuildConfiguration;
			baseConfigurationReference = F37EDB1A951593EAB2943CC2 /* Pods-AccumulateOverALongPeriod.debug.xcconfig */;
			buildSettings = {
				ASSETCATALOG_COMPILER_APPICON_NAME = AppIcon;
				CODE_SIGN_STYLE = Automatic;
				DEVELOPMENT_TEAM = LNK6YB89GN;
				GCC_INCREASE_PRECOMPILED_HEADER_SHARING = NO;
				GCC_PRECOMPILE_PREFIX_HEADER = NO;
				GCC_PREFIX_HEADER = "$(SRCROOT)/AccumulateOverALongPeriod/Main/Macro/PCH.pch";
				INFOPLIST_FILE = "$(SRCROOT)/AccumulateOverALongPeriod/Resource/Info.plist";
				IPHONEOS_DEPLOYMENT_TARGET = 11.0;
				LD_RUNPATH_SEARCH_PATHS = "$(inherited) @executable_path/Frameworks";
				PRODUCT_BUNDLE_IDENTIFIER = com.liangqicai.test;
				PRODUCT_NAME = "$(TARGET_NAME)";
				TARGETED_DEVICE_FAMILY = "1,2";
			};
			name = Debug;
		};
		DF2E0EFC202AA1B900FD90C6 /* Release */ = {
			isa = XCBuildConfiguration;
			baseConfigurationReference = 738A548AD6311472708D64F9 /* Pods-AccumulateOverALongPeriod.release.xcconfig */;
			buildSettings = {
				ASSETCATALOG_COMPILER_APPICON_NAME = AppIcon;
				CODE_SIGN_STYLE = Automatic;
				DEVELOPMENT_TEAM = LNK6YB89GN;
				GCC_INCREASE_PRECOMPILED_HEADER_SHARING = NO;
				GCC_PRECOMPILE_PREFIX_HEADER = NO;
				GCC_PREFIX_HEADER = "$(SRCROOT)/AccumulateOverALongPeriod/Main/Macro/PCH.pch";
				INFOPLIST_FILE = "$(SRCROOT)/AccumulateOverALongPeriod/Resource/Info.plist";
				IPHONEOS_DEPLOYMENT_TARGET = 11.0;
				LD_RUNPATH_SEARCH_PATHS = "$(inherited) @executable_path/Frameworks";
				PRODUCT_BUNDLE_IDENTIFIER = com.liangqicai.test;
				PRODUCT_NAME = "$(TARGET_NAME)";
				TARGETED_DEVICE_FAMILY = "1,2";
			};
			name = Release;
		};
/* End XCBuildConfiguration section */

/* Begin XCConfigurationList section */
		DF2E0EDF202AA1B900FD90C6 /* Build configuration list for PBXProject "AccumulateOverALongPeriod" */ = {
			isa = XCConfigurationList;
			buildConfigurations = (
				DF2E0EF8202AA1B900FD90C6 /* Debug */,
				DF2E0EF9202AA1B900FD90C6 /* Release */,
			);
			defaultConfigurationIsVisible = 0;
			defaultConfigurationName = Release;
		};
		DF2E0EFA202AA1B900FD90C6 /* Build configuration list for PBXNativeTarget "AccumulateOverALongPeriod" */ = {
			isa = XCConfigurationList;
			buildConfigurations = (
				DF2E0EFB202AA1B900FD90C6 /* Debug */,
				DF2E0EFC202AA1B900FD90C6 /* Release */,
			);
			defaultConfigurationIsVisible = 0;
			defaultConfigurationName = Release;
		};
/* End XCConfigurationList section */
	};
	rootObject = DF2E0EDC202AA1B900FD90C6 /* Project object */;
}
